// !$*UTF8*$!
{
	archiveVersion = 1;
	classes = {
	};
	objectVersion = 46;
	objects = {

/* Begin PBXBuildFile section */
		01446AC01A60AA9900D9F3C8 /* main.m in Sources */ = {isa = PBXBuildFile; fileRef = 01446ABF1A60AA9900D9F3C8 /* main.m */; };
		01446AC31A60AA9900D9F3C8 /* AppDelegate.m in Sources */ = {isa = PBXBuildFile; fileRef = 01446AC21A60AA9900D9F3C8 /* AppDelegate.m */; };
		01446ACE1A60AA9900D9F3C8 /* Images.xcassets in Resources */ = {isa = PBXBuildFile; fileRef = 01446ACD1A60AA9900D9F3C8 /* Images.xcassets */; };
		01446AD11A60AA9900D9F3C8 /* LaunchScreen.xib in Resources */ = {isa = PBXBuildFile; fileRef = 01446ACF1A60AA9900D9F3C8 /* LaunchScreen.xib */; };
		0179AC571A64E16000E9D95A /* HomeViewController.m in Sources */ = {isa = PBXBuildFile; fileRef = 0179AC541A64E16000E9D95A /* HomeViewController.m */; };
		0179AC581A64E16000E9D95A /* LeftMenuViewController.m in Sources */ = {isa = PBXBuildFile; fileRef = 0179AC561A64E16000E9D95A /* LeftMenuViewController.m */; };
		0179AC5B1A64E18100E9D95A /* MainStoryboard_iPhone.storyboard in Resources */ = {isa = PBXBuildFile; fileRef = 0179AC591A64E18100E9D95A /* MainStoryboard_iPhone.storyboard */; };
		0179AC6E1A64E1BA00E9D95A /* SlideNavigationContorllerAnimatorFade.m in Sources */ = {isa = PBXBuildFile; fileRef = 0179AC601A64E1BA00E9D95A /* SlideNavigationContorllerAnimatorFade.m */; };
		0179AC6F1A64E1BA00E9D95A /* SlideNavigationContorllerAnimatorScale.m in Sources */ = {isa = PBXBuildFile; fileRef = 0179AC621A64E1BA00E9D95A /* SlideNavigationContorllerAnimatorScale.m */; };
		0179AC701A64E1BA00E9D95A /* SlideNavigationContorllerAnimatorScaleAndFade.m in Sources */ = {isa = PBXBuildFile; fileRef = 0179AC641A64E1BA00E9D95A /* SlideNavigationContorllerAnimatorScaleAndFade.m */; };
		0179AC711A64E1BA00E9D95A /* SlideNavigationContorllerAnimatorSlide.m in Sources */ = {isa = PBXBuildFile; fileRef = 0179AC661A64E1BA00E9D95A /* SlideNavigationContorllerAnimatorSlide.m */; };
		0179AC721A64E1BA00E9D95A /* SlideNavigationContorllerAnimatorSlideAndFade.m in Sources */ = {isa = PBXBuildFile; fileRef = 0179AC681A64E1BA00E9D95A /* SlideNavigationContorllerAnimatorSlideAndFade.m */; };
		0179AC731A64E1BA00E9D95A /* menu-button.png in Resources */ = {isa = PBXBuildFile; fileRef = 0179AC6A1A64E1BA00E9D95A /* menu-button.png */; };
		0179AC741A64E1BA00E9D95A /* menu-button@2x.png in Resources */ = {isa = PBXBuildFile; fileRef = 0179AC6B1A64E1BA00E9D95A /* menu-button@2x.png */; };
		0179AC751A64E1BA00E9D95A /* SlideNavigationController.m in Sources */ = {isa = PBXBuildFile; fileRef = 0179AC6D1A64E1BA00E9D95A /* SlideNavigationController.m */; };
		0179AC931A64E3F600E9D95A /* arrow_back.png in Resources */ = {isa = PBXBuildFile; fileRef = 0179AC771A64E3F600E9D95A /* arrow_back.png */; };
		0179AC941A64E3F600E9D95A /* arrow_down.png in Resources */ = {isa = PBXBuildFile; fileRef = 0179AC781A64E3F600E9D95A /* arrow_down.png */; };
		0179AC951A64E3F600E9D95A /* arrow_left.png in Resources */ = {isa = PBXBuildFile; fileRef = 0179AC791A64E3F600E9D95A /* arrow_left.png */; };
		0179AC961A64E3F600E9D95A /* arrow_right.png in Resources */ = {isa = PBXBuildFile; fileRef = 0179AC7A1A64E3F600E9D95A /* arrow_right.png */; };
		0179AC971A64E3F600E9D95A /* arrow_up.png in Resources */ = {isa = PBXBuildFile; fileRef = 0179AC7B1A64E3F600E9D95A /* arrow_up.png */; };
		0179AC981A64E3F600E9D95A /* circle.png in Resources */ = {isa = PBXBuildFile; fileRef = 0179AC7C1A64E3F600E9D95A /* circle.png */; };
		0179AC991A64E3F600E9D95A /* circle_close_black.png in Resources */ = {isa = PBXBuildFile; fileRef = 0179AC7D1A64E3F600E9D95A /* circle_close_black.png */; };
		0179AC9A1A64E3F600E9D95A /* circle_close_white.png in Resources */ = {isa = PBXBuildFile; fileRef = 0179AC7E1A64E3F600E9D95A /* circle_close_white.png */; };
		0179AC9B1A64E3F600E9D95A /* circle_remote.png in Resources */ = {isa = PBXBuildFile; fileRef = 0179AC7F1A64E3F600E9D95A /* circle_remote.png */; };
		0179AC9C1A64E3F600E9D95A /* cover_example.jpg in Resources */ = {isa = PBXBuildFile; fileRef = 0179AC801A64E3F600E9D95A /* cover_example.jpg */; };
		0179AC9D1A64E3F600E9D95A /* cover_placeholder.jpg in Resources */ = {isa = PBXBuildFile; fileRef = 0179AC811A64E3F600E9D95A /* cover_placeholder.jpg */; };
		0179AC9E1A64E3F600E9D95A /* down_btt.png in Resources */ = {isa = PBXBuildFile; fileRef = 0179AC821A64E3F600E9D95A /* down_btt.png */; };
		0179AC9F1A64E3F600E9D95A /* favourite_icon.png in Resources */ = {isa = PBXBuildFile; fileRef = 0179AC831A64E3F600E9D95A /* favourite_icon.png */; };
		0179ACA01A64E3F600E9D95A /* fullscreen.png in Resources */ = {isa = PBXBuildFile; fileRef = 0179AC841A64E3F600E9D95A /* fullscreen.png */; };
		0179ACA11A64E3F600E9D95A /* fullscreen_exit.png in Resources */ = {isa = PBXBuildFile; fileRef = 0179AC851A64E3F600E9D95A /* fullscreen_exit.png */; };
		0179ACA21A64E3F600E9D95A /* ic_launcher.png in Resources */ = {isa = PBXBuildFile; fileRef = 0179AC861A64E3F600E9D95A /* ic_launcher.png */; };
		0179ACA31A64E3F600E9D95A /* icon.png in Resources */ = {isa = PBXBuildFile; fileRef = 0179AC871A64E3F600E9D95A /* icon.png */; };
		0179ACA41A64E3F600E9D95A /* menu_btt.png in Resources */ = {isa = PBXBuildFile; fileRef = 0179AC881A64E3F600E9D95A /* menu_btt.png */; };
		0179ACA51A64E3F600E9D95A /* next_btt.png in Resources */ = {isa = PBXBuildFile; fileRef = 0179AC891A64E3F600E9D95A /* next_btt.png */; };
		0179ACA61A64E3F600E9D95A /* pause.png in Resources */ = {isa = PBXBuildFile; fileRef = 0179AC8A1A64E3F600E9D95A /* pause.png */; };
		0179ACA71A64E3F600E9D95A /* play.png in Resources */ = {isa = PBXBuildFile; fileRef = 0179AC8B1A64E3F600E9D95A /* play.png */; };
		0179ACA81A64E3F600E9D95A /* posterholder.png in Resources */ = {isa = PBXBuildFile; fileRef = 0179AC8C1A64E3F600E9D95A /* posterholder.png */; };
		0179ACA91A64E3F600E9D95A /* prev_btt.png in Resources */ = {isa = PBXBuildFile; fileRef = 0179AC8D1A64E3F600E9D95A /* prev_btt.png */; };
		0179ACAA1A64E3F600E9D95A /* return_icon.png in Resources */ = {isa = PBXBuildFile; fileRef = 0179AC8E1A64E3F600E9D95A /* return_icon.png */; };
		0179ACAB1A64E3F600E9D95A /* up_btt.png in Resources */ = {isa = PBXBuildFile; fileRef = 0179AC8F1A64E3F600E9D95A /* up_btt.png */; };
		0179ACAC1A64E3F600E9D95A /* volume.png in Resources */ = {isa = PBXBuildFile; fileRef = 0179AC901A64E3F600E9D95A /* volume.png */; };
		0179ACAD1A64E3F600E9D95A /* volume_mute.png in Resources */ = {isa = PBXBuildFile; fileRef = 0179AC911A64E3F600E9D95A /* volume_mute.png */; };
		0179ACAE1A64E3F600E9D95A /* watched_icon.png in Resources */ = {isa = PBXBuildFile; fileRef = 0179AC921A64E3F600E9D95A /* watched_icon.png */; };
/* End PBXBuildFile section */

/* Begin PBXFileReference section */
		01446ABA1A60AA9900D9F3C8 /* PopcornTimeRemoteControl.app */ = {isa = PBXFileReference; explicitFileType = wrapper.application; includeInIndex = 0; path = PopcornTimeRemoteControl.app; sourceTree = BUILT_PRODUCTS_DIR; };
		01446ABE1A60AA9900D9F3C8 /* Info.plist */ = {isa = PBXFileReference; lastKnownFileType = text.plist.xml; path = Info.plist; sourceTree = "<group>"; };
		01446ABF1A60AA9900D9F3C8 /* main.m */ = {isa = PBXFileReference; lastKnownFileType = sourcecode.c.objc; path = main.m; sourceTree = "<group>"; };
		01446AC11A60AA9900D9F3C8 /* AppDelegate.h */ = {isa = PBXFileReference; lastKnownFileType = sourcecode.c.h; path = AppDelegate.h; sourceTree = "<group>"; };
		01446AC21A60AA9900D9F3C8 /* AppDelegate.m */ = {isa = PBXFileReference; lastKnownFileType = sourcecode.c.objc; path = AppDelegate.m; sourceTree = "<group>"; };
		01446ACD1A60AA9900D9F3C8 /* Images.xcassets */ = {isa = PBXFileReference; lastKnownFileType = folder.assetcatalog; path = Images.xcassets; sourceTree = "<group>"; };
		01446AD01A60AA9900D9F3C8 /* Base */ = {isa = PBXFileReference; lastKnownFileType = file.xib; name = Base; path = Base.lproj/LaunchScreen.xib; sourceTree = "<group>"; };
		0179AC531A64E16000E9D95A /* HomeViewController.h */ = {isa = PBXFileReference; fileEncoding = 4; lastKnownFileType = sourcecode.c.h; path = HomeViewController.h; sourceTree = "<group>"; };
		0179AC541A64E16000E9D95A /* HomeViewController.m */ = {isa = PBXFileReference; fileEncoding = 4; lastKnownFileType = sourcecode.c.objc; path = HomeViewController.m; sourceTree = "<group>"; };
		0179AC551A64E16000E9D95A /* LeftMenuViewController.h */ = {isa = PBXFileReference; fileEncoding = 4; lastKnownFileType = sourcecode.c.h; path = LeftMenuViewController.h; sourceTree = "<group>"; };
		0179AC561A64E16000E9D95A /* LeftMenuViewController.m */ = {isa = PBXFileReference; fileEncoding = 4; lastKnownFileType = sourcecode.c.objc; path = LeftMenuViewController.m; sourceTree = "<group>"; };
		0179AC5A1A64E18100E9D95A /* Base */ = {isa = PBXFileReference; lastKnownFileType = file.storyboard; name = Base; path = Base.lproj/MainStoryboard_iPhone.storyboard; sourceTree = "<group>"; };
		0179AC5E1A64E1BA00E9D95A /* SlideNavigationContorllerAnimator.h */ = {isa = PBXFileReference; fileEncoding = 4; lastKnownFileType = sourcecode.c.h; path = SlideNavigationContorllerAnimator.h; sourceTree = "<group>"; };
		0179AC5F1A64E1BA00E9D95A /* SlideNavigationContorllerAnimatorFade.h */ = {isa = PBXFileReference; fileEncoding = 4; lastKnownFileType = sourcecode.c.h; path = SlideNavigationContorllerAnimatorFade.h; sourceTree = "<group>"; };
		0179AC601A64E1BA00E9D95A /* SlideNavigationContorllerAnimatorFade.m */ = {isa = PBXFileReference; fileEncoding = 4; lastKnownFileType = sourcecode.c.objc; path = SlideNavigationContorllerAnimatorFade.m; sourceTree = "<group>"; };
		0179AC611A64E1BA00E9D95A /* SlideNavigationContorllerAnimatorScale.h */ = {isa = PBXFileReference; fileEncoding = 4; lastKnownFileType = sourcecode.c.h; path = SlideNavigationContorllerAnimatorScale.h; sourceTree = "<group>"; };
		0179AC621A64E1BA00E9D95A /* SlideNavigationContorllerAnimatorScale.m */ = {isa = PBXFileReference; fileEncoding = 4; lastKnownFileType = sourcecode.c.objc; path = SlideNavigationContorllerAnimatorScale.m; sourceTree = "<group>"; };
		0179AC631A64E1BA00E9D95A /* SlideNavigationContorllerAnimatorScaleAndFade.h */ = {isa = PBXFileReference; fileEncoding = 4; lastKnownFileType = sourcecode.c.h; path = SlideNavigationContorllerAnimatorScaleAndFade.h; sourceTree = "<group>"; };
		0179AC641A64E1BA00E9D95A /* SlideNavigationContorllerAnimatorScaleAndFade.m */ = {isa = PBXFileReference; fileEncoding = 4; lastKnownFileType = sourcecode.c.objc; path = SlideNavigationContorllerAnimatorScaleAndFade.m; sourceTree = "<group>"; };
		0179AC651A64E1BA00E9D95A /* SlideNavigationContorllerAnimatorSlide.h */ = {isa = PBXFileReference; fileEncoding = 4; lastKnownFileType = sourcecode.c.h; path = SlideNavigationContorllerAnimatorSlide.h; sourceTree = "<group>"; };
		0179AC661A64E1BA00E9D95A /* SlideNavigationContorllerAnimatorSlide.m */ = {isa = PBXFileReference; fileEncoding = 4; lastKnownFileType = sourcecode.c.objc; path = SlideNavigationContorllerAnimatorSlide.m; sourceTree = "<group>"; };
		0179AC671A64E1BA00E9D95A /* SlideNavigationContorllerAnimatorSlideAndFade.h */ = {isa = PBXFileReference; fileEncoding = 4; lastKnownFileType = sourcecode.c.h; path = SlideNavigationContorllerAnimatorSlideAndFade.h; sourceTree = "<group>"; };
		0179AC681A64E1BA00E9D95A /* SlideNavigationContorllerAnimatorSlideAndFade.m */ = {isa = PBXFileReference; fileEncoding = 4; lastKnownFileType = sourcecode.c.objc; path = SlideNavigationContorllerAnimatorSlideAndFade.m; sourceTree = "<group>"; };
		0179AC6A1A64E1BA00E9D95A /* menu-button.png */ = {isa = PBXFileReference; lastKnownFileType = image.png; path = "menu-button.png"; sourceTree = "<group>"; };
		0179AC6B1A64E1BA00E9D95A /* menu-button@2x.png */ = {isa = PBXFileReference; lastKnownFileType = image.png; path = "menu-button@2x.png"; sourceTree = "<group>"; };
		0179AC6C1A64E1BA00E9D95A /* SlideNavigationController.h */ = {isa = PBXFileReference; fileEncoding = 4; lastKnownFileType = sourcecode.c.h; path = SlideNavigationController.h; sourceTree = "<group>"; };
		0179AC6D1A64E1BA00E9D95A /* SlideNavigationController.m */ = {isa = PBXFileReference; fileEncoding = 4; lastKnownFileType = sourcecode.c.objc; path = SlideNavigationController.m; sourceTree = "<group>"; };
		0179AC771A64E3F600E9D95A /* arrow_back.png */ = {isa = PBXFileReference; lastKnownFileType = image.png; path = arrow_back.png; sourceTree = "<group>"; };
		0179AC781A64E3F600E9D95A /* arrow_down.png */ = {isa = PBXFileReference; lastKnownFileType = image.png; path = arrow_down.png; sourceTree = "<group>"; };
		0179AC791A64E3F600E9D95A /* arrow_left.png */ = {isa = PBXFileReference; lastKnownFileType = image.png; path = arrow_left.png; sourceTree = "<group>"; };
		0179AC7A1A64E3F600E9D95A /* arrow_right.png */ = {isa = PBXFileReference; lastKnownFileType = image.png; path = arrow_right.png; sourceTree = "<group>"; };
		0179AC7B1A64E3F600E9D95A /* arrow_up.png */ = {isa = PBXFileReference; lastKnownFileType = image.png; path = arrow_up.png; sourceTree = "<group>"; };
		0179AC7C1A64E3F600E9D95A /* circle.png */ = {isa = PBXFileReference; lastKnownFileType = image.png; path = circle.png; sourceTree = "<group>"; };
		0179AC7D1A64E3F600E9D95A /* circle_close_black.png */ = {isa = PBXFileReference; lastKnownFileType = image.png; path = circle_close_black.png; sourceTree = "<group>"; };
		0179AC7E1A64E3F600E9D95A /* circle_close_white.png */ = {isa = PBXFileReference; lastKnownFileType = image.png; path = circle_close_white.png; sourceTree = "<group>"; };
		0179AC7F1A64E3F600E9D95A /* circle_remote.png */ = {isa = PBXFileReference; lastKnownFileType = image.png; path = circle_remote.png; sourceTree = "<group>"; };
		0179AC801A64E3F600E9D95A /* cover_example.jpg */ = {isa = PBXFileReference; lastKnownFileType = image.jpeg; path = cover_example.jpg; sourceTree = "<group>"; };
		0179AC811A64E3F600E9D95A /* cover_placeholder.jpg */ = {isa = PBXFileReference; lastKnownFileType = image.jpeg; path = cover_placeholder.jpg; sourceTree = "<group>"; };
		0179AC821A64E3F600E9D95A /* down_btt.png */ = {isa = PBXFileReference; lastKnownFileType = image.png; path = down_btt.png; sourceTree = "<group>"; };
		0179AC831A64E3F600E9D95A /* favourite_icon.png */ = {isa = PBXFileReference; lastKnownFileType = image.png; path = favourite_icon.png; sourceTree = "<group>"; };
		0179AC841A64E3F600E9D95A /* fullscreen.png */ = {isa = PBXFileReference; lastKnownFileType = image.png; path = fullscreen.png; sourceTree = "<group>"; };
		0179AC851A64E3F600E9D95A /* fullscreen_exit.png */ = {isa = PBXFileReference; lastKnownFileType = image.png; path = fullscreen_exit.png; sourceTree = "<group>"; };
		0179AC861A64E3F600E9D95A /* ic_launcher.png */ = {isa = PBXFileReference; lastKnownFileType = image.png; path = ic_launcher.png; sourceTree = "<group>"; };
		0179AC871A64E3F600E9D95A /* icon.png */ = {isa = PBXFileReference; lastKnownFileType = image.png; path = icon.png; sourceTree = "<group>"; };
		0179AC881A64E3F600E9D95A /* menu_btt.png */ = {isa = PBXFileReference; lastKnownFileType = image.png; path = menu_btt.png; sourceTree = "<group>"; };
		0179AC891A64E3F600E9D95A /* next_btt.png */ = {isa = PBXFileReference; lastKnownFileType = image.png; path = next_btt.png; sourceTree = "<group>"; };
		0179AC8A1A64E3F600E9D95A /* pause.png */ = {isa = PBXFileReference; lastKnownFileType = image.png; path = pause.png; sourceTree = "<group>"; };
		0179AC8B1A64E3F600E9D95A /* play.png */ = {isa = PBXFileReference; lastKnownFileType = image.png; path = play.png; sourceTree = "<group>"; };
		0179AC8C1A64E3F600E9D95A /* posterholder.png */ = {isa = PBXFileReference; lastKnownFileType = image.png; path = posterholder.png; sourceTree = "<group>"; };
		0179AC8D1A64E3F600E9D95A /* prev_btt.png */ = {isa = PBXFileReference; lastKnownFileType = image.png; path = prev_btt.png; sourceTree = "<group>"; };
		0179AC8E1A64E3F600E9D95A /* return_icon.png */ = {isa = PBXFileReference; lastKnownFileType = image.png; path = return_icon.png; sourceTree = "<group>"; };
		0179AC8F1A64E3F600E9D95A /* up_btt.png */ = {isa = PBXFileReference; lastKnownFileType = image.png; path = up_btt.png; sourceTree = "<group>"; };
		0179AC901A64E3F600E9D95A /* volume.png */ = {isa = PBXFileReference; lastKnownFileType = image.png; path = volume.png; sourceTree = "<group>"; };
		0179AC911A64E3F600E9D95A /* volume_mute.png */ = {isa = PBXFileReference; lastKnownFileType = image.png; path = volume_mute.png; sourceTree = "<group>"; };
		0179AC921A64E3F600E9D95A /* watched_icon.png */ = {isa = PBXFileReference; lastKnownFileType = image.png; path = watched_icon.png; sourceTree = "<group>"; };
/* End PBXFileReference section */

/* Begin PBXFrameworksBuildPhase section */
		01446AB71A60AA9900D9F3C8 /* Frameworks */ = {
			isa = PBXFrameworksBuildPhase;
			buildActionMask = 2147483647;
			files = (
			);
			runOnlyForDeploymentPostprocessing = 0;
		};
/* End PBXFrameworksBuildPhase section */

/* Begin PBXGroup section */
		01446AB11A60AA9800D9F3C8 = {
			isa = PBXGroup;
			children = (
				01446ABC1A60AA9900D9F3C8 /* PopcornTimeRemoteControl */,
				01446ABB1A60AA9900D9F3C8 /* Products */,
			);
			sourceTree = "<group>";
		};
		01446ABB1A60AA9900D9F3C8 /* Products */ = {
			isa = PBXGroup;
			children = (
				01446ABA1A60AA9900D9F3C8 /* PopcornTimeRemoteControl.app */,
			);
			name = Products;
			sourceTree = "<group>";
		};
		01446ABC1A60AA9900D9F3C8 /* PopcornTimeRemoteControl */ = {
			isa = PBXGroup;
			children = (
				0179AC761A64E3F600E9D95A /* images */,
				0179AC5C1A64E1BA00E9D95A /* Source */,
				0179AC521A64E16000E9D95A /* Controllers */,
				01446AC11A60AA9900D9F3C8 /* AppDelegate.h */,
				01446AC21A60AA9900D9F3C8 /* AppDelegate.m */,
				01446ACD1A60AA9900D9F3C8 /* Images.xcassets */,
				0179AC591A64E18100E9D95A /* MainStoryboard_iPhone.storyboard */,
				01446ACF1A60AA9900D9F3C8 /* LaunchScreen.xib */,
				01446ABD1A60AA9900D9F3C8 /* Supporting Files */,
			);
			path = PopcornTimeRemoteControl;
			sourceTree = "<group>";
		};
		01446ABD1A60AA9900D9F3C8 /* Supporting Files */ = {
			isa = PBXGroup;
			children = (
				01446ABE1A60AA9900D9F3C8 /* Info.plist */,
				01446ABF1A60AA9900D9F3C8 /* main.m */,
			);
			name = "Supporting Files";
			sourceTree = "<group>";
		};
		0179AC521A64E16000E9D95A /* Controllers */ = {
			isa = PBXGroup;
			children = (
				0179AC531A64E16000E9D95A /* HomeViewController.h */,
				0179AC541A64E16000E9D95A /* HomeViewController.m */,
				0179AC551A64E16000E9D95A /* LeftMenuViewController.h */,
				0179AC561A64E16000E9D95A /* LeftMenuViewController.m */,
			);
			path = Controllers;
			sourceTree = "<group>";
		};
		0179AC5C1A64E1BA00E9D95A /* Source */ = {
			isa = PBXGroup;
			children = (
				0179AC5D1A64E1BA00E9D95A /* Animations */,
				0179AC691A64E1BA00E9D95A /* Assets */,
				0179AC6C1A64E1BA00E9D95A /* SlideNavigationController.h */,
				0179AC6D1A64E1BA00E9D95A /* SlideNavigationController.m */,
			);
			path = Source;
			sourceTree = "<group>";
		};
		0179AC5D1A64E1BA00E9D95A /* Animations */ = {
			isa = PBXGroup;
			children = (
				0179AC5E1A64E1BA00E9D95A /* SlideNavigationContorllerAnimator.h */,
				0179AC5F1A64E1BA00E9D95A /* SlideNavigationContorllerAnimatorFade.h */,
				0179AC601A64E1BA00E9D95A /* SlideNavigationContorllerAnimatorFade.m */,
				0179AC611A64E1BA00E9D95A /* SlideNavigationContorllerAnimatorScale.h */,
				0179AC621A64E1BA00E9D95A /* SlideNavigationContorllerAnimatorScale.m */,
				0179AC631A64E1BA00E9D95A /* SlideNavigationContorllerAnimatorScaleAndFade.h */,
				0179AC641A64E1BA00E9D95A /* SlideNavigationContorllerAnimatorScaleAndFade.m */,
				0179AC651A64E1BA00E9D95A /* SlideNavigationContorllerAnimatorSlide.h */,
				0179AC661A64E1BA00E9D95A /* SlideNavigationContorllerAnimatorSlide.m */,
				0179AC671A64E1BA00E9D95A /* SlideNavigationContorllerAnimatorSlideAndFade.h */,
				0179AC681A64E1BA00E9D95A /* SlideNavigationContorllerAnimatorSlideAndFade.m */,
			);
			path = Animations;
			sourceTree = "<group>";
		};
		0179AC691A64E1BA00E9D95A /* Assets */ = {
			isa = PBXGroup;
			children = (
				0179AC6A1A64E1BA00E9D95A /* menu-button.png */,
				0179AC6B1A64E1BA00E9D95A /* menu-button@2x.png */,
			);
			path = Assets;
			sourceTree = "<group>";
		};
		0179AC761A64E3F600E9D95A /* images */ = {
			isa = PBXGroup;
			children = (
				0179AC771A64E3F600E9D95A /* arrow_back.png */,
				0179AC781A64E3F600E9D95A /* arrow_down.png */,
				0179AC791A64E3F600E9D95A /* arrow_left.png */,
				0179AC7A1A64E3F600E9D95A /* arrow_right.png */,
				0179AC7B1A64E3F600E9D95A /* arrow_up.png */,
				0179AC7C1A64E3F600E9D95A /* circle.png */,
				0179AC7D1A64E3F600E9D95A /* circle_close_black.png */,
				0179AC7E1A64E3F600E9D95A /* circle_close_white.png */,
				0179AC7F1A64E3F600E9D95A /* circle_remote.png */,
				0179AC801A64E3F600E9D95A /* cover_example.jpg */,
				0179AC811A64E3F600E9D95A /* cover_placeholder.jpg */,
				0179AC821A64E3F600E9D95A /* down_btt.png */,
				0179AC831A64E3F600E9D95A /* favourite_icon.png */,
				0179AC841A64E3F600E9D95A /* fullscreen.png */,
				0179AC851A64E3F600E9D95A /* fullscreen_exit.png */,
				0179AC861A64E3F600E9D95A /* ic_launcher.png */,
				0179AC871A64E3F600E9D95A /* icon.png */,
				0179AC881A64E3F600E9D95A /* menu_btt.png */,
				0179AC891A64E3F600E9D95A /* next_btt.png */,
				0179AC8A1A64E3F600E9D95A /* pause.png */,
				0179AC8B1A64E3F600E9D95A /* play.png */,
				0179AC8C1A64E3F600E9D95A /* posterholder.png */,
				0179AC8D1A64E3F600E9D95A /* prev_btt.png */,
				0179AC8E1A64E3F600E9D95A /* return_icon.png */,
				0179AC8F1A64E3F600E9D95A /* up_btt.png */,
				0179AC901A64E3F600E9D95A /* volume.png */,
				0179AC911A64E3F600E9D95A /* volume_mute.png */,
				0179AC921A64E3F600E9D95A /* watched_icon.png */,
			);
			path = images;
			sourceTree = "<group>";
		};
/* End PBXGroup section */

/* Begin PBXNativeTarget section */
		01446AB91A60AA9900D9F3C8 /* PopcornTimeRemoteControl */ = {
			isa = PBXNativeTarget;
			buildConfigurationList = 01446AE01A60AA9900D9F3C8 /* Build configuration list for PBXNativeTarget "PopcornTimeRemoteControl" */;
			buildPhases = (
				01446AB61A60AA9900D9F3C8 /* Sources */,
				01446AB71A60AA9900D9F3C8 /* Frameworks */,
				01446AB81A60AA9900D9F3C8 /* Resources */,
			);
			buildRules = (
			);
			dependencies = (
			);
			name = PopcornTimeRemoteControl;
			productName = PopcornTimeRemoteControl;
			productReference = 01446ABA1A60AA9900D9F3C8 /* PopcornTimeRemoteControl.app */;
			productType = "com.apple.product-type.application";
		};
/* End PBXNativeTarget section */

/* Begin PBXProject section */
		01446AB21A60AA9800D9F3C8 /* Project object */ = {
			isa = PBXProject;
			attributes = {
				LastUpgradeCheck = 0610;
				ORGANIZATIONNAME = "Bruno Alassia";
				TargetAttributes = {
					01446AB91A60AA9900D9F3C8 = {
						CreatedOnToolsVersion = 6.1.1;
					};
				};
			};
			buildConfigurationList = 01446AB51A60AA9900D9F3C8 /* Build configuration list for PBXProject "PopcornTimeRemoteControl" */;
			compatibilityVersion = "Xcode 3.2";
			developmentRegion = English;
			hasScannedForEncodings = 0;
			knownRegions = (
				en,
				Base,
			);
			mainGroup = 01446AB11A60AA9800D9F3C8;
			productRefGroup = 01446ABB1A60AA9900D9F3C8 /* Products */;
			projectDirPath = "";
			projectRoot = "";
			targets = (
				01446AB91A60AA9900D9F3C8 /* PopcornTimeRemoteControl */,
			);
		};
/* End PBXProject section */

/* Begin PBXResourcesBuildPhase section */
		01446AB81A60AA9900D9F3C8 /* Resources */ = {
			isa = PBXResourcesBuildPhase;
			buildActionMask = 2147483647;
			files = (
				0179AC971A64E3F600E9D95A /* arrow_up.png in Resources */,
				0179ACA41A64E3F600E9D95A /* menu_btt.png in Resources */,
				0179ACA61A64E3F600E9D95A /* pause.png in Resources */,
				0179ACAA1A64E3F600E9D95A /* return_icon.png in Resources */,
				0179ACA01A64E3F600E9D95A /* fullscreen.png in Resources */,
				0179AC9B1A64E3F600E9D95A /* circle_remote.png in Resources */,
				0179AC731A64E1BA00E9D95A /* menu-button.png in Resources */,
				0179AC9C1A64E3F600E9D95A /* cover_example.jpg in Resources */,
				0179AC9A1A64E3F600E9D95A /* circle_close_white.png in Resources */,
				0179ACA51A64E3F600E9D95A /* next_btt.png in Resources */,
				0179ACA31A64E3F600E9D95A /* icon.png in Resources */,
				0179AC9D1A64E3F600E9D95A /* cover_placeholder.jpg in Resources */,
				0179ACA71A64E3F600E9D95A /* play.png in Resources */,
				0179AC5B1A64E18100E9D95A /* MainStoryboard_iPhone.storyboard in Resources */,
				0179ACAC1A64E3F600E9D95A /* volume.png in Resources */,
				0179AC941A64E3F600E9D95A /* arrow_down.png in Resources */,
				0179AC981A64E3F600E9D95A /* circle.png in Resources */,
				01446AD11A60AA9900D9F3C8 /* LaunchScreen.xib in Resources */,
				0179AC741A64E1BA00E9D95A /* menu-button@2x.png in Resources */,
				0179AC961A64E3F600E9D95A /* arrow_right.png in Resources */,
				0179ACAD1A64E3F600E9D95A /* volume_mute.png in Resources */,
				0179ACAE1A64E3F600E9D95A /* watched_icon.png in Resources */,
				0179ACAB1A64E3F600E9D95A /* up_btt.png in Resources */,
				0179AC9F1A64E3F600E9D95A /* favourite_icon.png in Resources */,
				0179ACA11A64E3F600E9D95A /* fullscreen_exit.png in Resources */,
				0179AC991A64E3F600E9D95A /* circle_close_black.png in Resources */,
				0179AC9E1A64E3F600E9D95A /* down_btt.png in Resources */,
				0179AC931A64E3F600E9D95A /* arrow_back.png in Resources */,
				0179AC951A64E3F600E9D95A /* arrow_left.png in Resources */,
				0179ACA21A64E3F600E9D95A /* ic_launcher.png in Resources */,
				0179ACA91A64E3F600E9D95A /* prev_btt.png in Resources */,
				0179ACA81A64E3F600E9D95A /* posterholder.png in Resources */,
				01446ACE1A60AA9900D9F3C8 /* Images.xcassets in Resources */,
			);
			runOnlyForDeploymentPostprocessing = 0;
		};
/* End PBXResourcesBuildPhase section */

/* Begin PBXSourcesBuildPhase section */
		01446AB61A60AA9900D9F3C8 /* Sources */ = {
			isa = PBXSourcesBuildPhase;
			buildActionMask = 2147483647;
			files = (
				01446AC31A60AA9900D9F3C8 /* AppDelegate.m in Sources */,
				0179AC6F1A64E1BA00E9D95A /* SlideNavigationContorllerAnimatorScale.m in Sources */,
				0179AC721A64E1BA00E9D95A /* SlideNavigationContorllerAnimatorSlideAndFade.m in Sources */,
				0179AC701A64E1BA00E9D95A /* SlideNavigationContorllerAnimatorScaleAndFade.m in Sources */,
				01446AC01A60AA9900D9F3C8 /* main.m in Sources */,
				0179AC711A64E1BA00E9D95A /* SlideNavigationContorllerAnimatorSlide.m in Sources */,
				0179AC571A64E16000E9D95A /* HomeViewController.m in Sources */,
				0179AC581A64E16000E9D95A /* LeftMenuViewController.m in Sources */,
				0179AC6E1A64E1BA00E9D95A /* SlideNavigationContorllerAnimatorFade.m in Sources */,
				0179AC751A64E1BA00E9D95A /* SlideNavigationController.m in Sources */,
			);
			runOnlyForDeploymentPostprocessing = 0;
		};
/* End PBXSourcesBuildPhase section */

/* Begin PBXVariantGroup section */
		01446ACF1A60AA9900D9F3C8 /* LaunchScreen.xib */ = {
			isa = PBXVariantGroup;
			children = (
				01446AD01A60AA9900D9F3C8 /* Base */,
			);
			name = LaunchScreen.xib;
			sourceTree = "<group>";
		};
		0179AC591A64E18100E9D95A /* MainStoryboard_iPhone.storyboard */ = {
			isa = PBXVariantGroup;
			children = (
				0179AC5A1A64E18100E9D95A /* Base */,
			);
			name = MainStoryboard_iPhone.storyboard;
			sourceTree = "<group>";
		};
/* End PBXVariantGroup section */

/* Begin XCBuildConfiguration section */
		01446ADE1A60AA9900D9F3C8 /* Debug */ = {
			isa = XCBuildConfiguration;
			buildSettings = {
				ALWAYS_SEARCH_USER_PATHS = NO;
				CLANG_CXX_LANGUAGE_STANDARD = "gnu++0x";
				CLANG_CXX_LIBRARY = "libc++";
				CLANG_ENABLE_MODULES = YES;
				CLANG_ENABLE_OBJC_ARC = YES;
				CLANG_WARN_BOOL_CONVERSION = YES;
				CLANG_WARN_CONSTANT_CONVERSION = YES;
				CLANG_WARN_DIRECT_OBJC_ISA_USAGE = YES_ERROR;
				CLANG_WARN_EMPTY_BODY = YES;
				CLANG_WARN_ENUM_CONVERSION = YES;
				CLANG_WARN_INT_CONVERSION = YES;
				CLANG_WARN_OBJC_ROOT_CLASS = YES_ERROR;
				CLANG_WARN_UNREACHABLE_CODE = YES;
				CLANG_WARN__DUPLICATE_METHOD_MATCH = YES;
				"CODE_SIGN_IDENTITY[sdk=iphoneos*]" = "iPhone Developer";
				COPY_PHASE_STRIP = NO;
				ENABLE_STRICT_OBJC_MSGSEND = YES;
				GCC_C_LANGUAGE_STANDARD = gnu99;
				GCC_DYNAMIC_NO_PIC = NO;
				GCC_OPTIMIZATION_LEVEL = 0;
				GCC_PREPROCESSOR_DEFINITIONS = (
					"DEBUG=1",
					"$(inherited)",
				);
				GCC_SYMBOLS_PRIVATE_EXTERN = NO;
				GCC_WARN_64_TO_32_BIT_CONVERSION = YES;
				GCC_WARN_ABOUT_RETURN_TYPE = YES_ERROR;
				GCC_WARN_UNDECLARED_SELECTOR = YES;
				GCC_WARN_UNINITIALIZED_AUTOS = YES_AGGRESSIVE;
				GCC_WARN_UNUSED_FUNCTION = YES;
				GCC_WARN_UNUSED_VARIABLE = YES;
				IPHONEOS_DEPLOYMENT_TARGET = 8.1;
				MTL_ENABLE_DEBUG_INFO = YES;
				ONLY_ACTIVE_ARCH = YES;
				SDKROOT = iphoneos;
				TARGETED_DEVICE_FAMILY = "1,2";
			};
			name = Debug;
		};
		01446ADF1A60AA9900D9F3C8 /* Release */ = {
			isa = XCBuildConfiguration;
			buildSettings = {
				ALWAYS_SEARCH_USER_PATHS = NO;
				CLANG_CXX_LANGUAGE_STANDARD = "gnu++0x";
				CLANG_CXX_LIBRARY = "libc++";
				CLANG_ENABLE_MODULES = YES;
				CLANG_ENABLE_OBJC_ARC = YES;
				CLANG_WARN_BOOL_CONVERSION = YES;
				CLANG_WARN_CONSTANT_CONVERSION = YES;
				CLANG_WARN_DIRECT_OBJC_ISA_USAGE = YES_ERROR;
				CLANG_WARN_EMPTY_BODY = YES;
				CLANG_WARN_ENUM_CONVERSION = YES;
				CLANG_WARN_INT_CONVERSION = YES;
				CLANG_WARN_OBJC_ROOT_CLASS = YES_ERROR;
				CLANG_WARN_UNREACHABLE_CODE = YES;
				CLANG_WARN__DUPLICATE_METHOD_MATCH = YES;
				"CODE_SIGN_IDENTITY[sdk=iphoneos*]" = "iPhone Developer";
				COPY_PHASE_STRIP = YES;
				ENABLE_NS_ASSERTIONS = NO;
				ENABLE_STRICT_OBJC_MSGSEND = YES;
				GCC_C_LANGUAGE_STANDARD = gnu99;
				GCC_WARN_64_TO_32_BIT_CONVERSION = YES;
				GCC_WARN_ABOUT_RETURN_TYPE = YES_ERROR;
				GCC_WARN_UNDECLARED_SELECTOR = YES;
				GCC_WARN_UNINITIALIZED_AUTOS = YES_AGGRESSIVE;
				GCC_WARN_UNUSED_FUNCTION = YES;
				GCC_WARN_UNUSED_VARIABLE = YES;
				IPHONEOS_DEPLOYMENT_TARGET = 8.1;
				MTL_ENABLE_DEBUG_INFO = NO;
				SDKROOT = iphoneos;
				TARGETED_DEVICE_FAMILY = "1,2";
				VALIDATE_PRODUCT = YES;
			};
			name = Release;
		};
		01446AE11A60AA9900D9F3C8 /* Debug */ = {
			isa = XCBuildConfiguration;
			buildSettings = {
				ASSETCATALOG_COMPILER_APPICON_NAME = AppIcon;
				INFOPLIST_FILE = PopcornTimeRemoteControl/Info.plist;
				LD_RUNPATH_SEARCH_PATHS = "$(inherited) @executable_path/Frameworks";
				PRODUCT_NAME = "$(TARGET_NAME)";
			};
			name = Debug;
		};
		01446AE21A60AA9900D9F3C8 /* Release */ = {
			isa = XCBuildConfiguration;
			buildSettings = {
				ASSETCATALOG_COMPILER_APPICON_NAME = AppIcon;
				INFOPLIST_FILE = PopcornTimeRemoteControl/Info.plist;
				LD_RUNPATH_SEARCH_PATHS = "$(inherited) @executable_path/Frameworks";
				PRODUCT_NAME = "$(TARGET_NAME)";
			};
			name = Release;
		};
/* End XCBuildConfiguration section */

/* Begin XCConfigurationList section */
		01446AB51A60AA9900D9F3C8 /* Build configuration list for PBXProject "PopcornTimeRemoteControl" */ = {
			isa = XCConfigurationList;
			buildConfigurations = (
				01446ADE1A60AA9900D9F3C8 /* Debug */,
				01446ADF1A60AA9900D9F3C8 /* Release */,
			);
			defaultConfigurationIsVisible = 0;
			defaultConfigurationName = Release;
		};
		01446AE01A60AA9900D9F3C8 /* Build configuration list for PBXNativeTarget "PopcornTimeRemoteControl" */ = {
			isa = XCConfigurationList;
			buildConfigurations = (
				01446AE11A60AA9900D9F3C8 /* Debug */,
				01446AE21A60AA9900D9F3C8 /* Release */,
			);
			defaultConfigurationIsVisible = 0;
			defaultConfigurationName = Release;
		};
/* End XCConfigurationList section */
	};
	rootObject = 01446AB21A60AA9800D9F3C8 /* Project object */;
}
